
Microsoft Visual Studio Solution File, Format Version 12.00
# Visual Studio Version 16
VisualStudioVersion = 16.0.31205.134
MinimumVisualStudioVersion = 10.0.40219.1
Project("{9A19103F-16F7-4668-BE54-9A1E7A4F7556}") = "RangeUnitTest", "RangeUnitTest\RangeUnitTest.csproj", "{6CCD7400-11FD-4124-BEA8-25FD16405DF7}"
EndProject
Project("{FAE04EC0-301F-11D3-BF4B-00C04F79EFBC}") = "CurrentChargeRange", "CurrentChargeRange\CurrentChargeRange.csproj", "{01E53DAD-B496-4832-BD0A-5BA578C41BA6}"
EndProject
Global
	GlobalSection(SolutionConfigurationPlatforms) = preSolution
		Debug|Any CPU = Debug|Any CPU
		Release|Any CPU = Release|Any CPU
	EndGlobalSection
	GlobalSection(ProjectConfigurationPlatforms) = postSolution
		{6CCD7400-11FD-4124-BEA8-25FD16405DF7}.Debug|Any CPU.ActiveCfg = Debug|Any CPU
		{6CCD7400-11FD-4124-BEA8-25FD16405DF7}.Debug|Any CPU.Build.0 = Debug|Any CPU
		{6CCD7400-11FD-4124-BEA8-25FD16405DF7}.Release|Any CPU.ActiveCfg = Release|Any CPU
		{6CCD7400-11FD-4124-BEA8-25FD16405DF7}.Release|Any CPU.Build.0 = Release|Any CPU
		{01E53DAD-B496-4832-BD0A-5BA578C41BA6}.Debug|Any CPU.ActiveCfg = Debug|Any CPU
		{01E53DAD-B496-4832-BD0A-5BA578C41BA6}.Debug|Any CPU.Build.0 = Debug|Any CPU
		{01E53DAD-B496-4832-BD0A-5BA578C41BA6}.Release|Any CPU.ActiveCfg = Release|Any CPU
		{01E53DAD-B496-4832-BD0A-5BA578C41BA6}.Release|Any CPU.Build.0 = Release|Any CPU
	EndGlobalSection
	GlobalSection(SolutionProperties) = preSolution
		HideSolutionNode = FALSE
	EndGlobalSection
	GlobalSection(ExtensibilityGlobals) = postSolution
		SolutionGuid = {D2A636FE-1656-464A-A37D-F89E52E0BFA8}
	EndGlobalSection
EndGlobal
